
Microsoft Visual Studio Solution File, Format Version 12.00
# Visual Studio Version 17
VisualStudioVersion = 17.5.33424.131
MinimumVisualStudioVersion = 10.0.40219.1
Project("{FAE04EC0-301F-11D3-BF4B-00C04F79EFBC}") = "TaskBoard", "TaskBoard.csproj", "{8D3ABBE4-25EC-4421-AA3B-69AC60A22776}"
EndProject
Global
	GlobalSection(SolutionConfigurationPlatforms) = preSolution
		Debug|Any CPU = Debug|Any CPU
		Release|Any CPU = Release|Any CPU
	EndGlobalSection
	GlobalSection(ProjectConfigurationPlatforms) = postSolution
		{8D3ABBE4-25EC-4421-AA3B-69AC60A22776}.Debug|Any CPU.ActiveCfg = Debug|Any CPU
		{8D3ABBE4-25EC-4421-AA3B-69AC60A22776}.Debug|Any CPU.Build.0 = Debug|Any CPU
		{8D3ABBE4-25EC-4421-AA3B-69AC60A22776}.Release|Any CPU.ActiveCfg = Release|Any CPU
		{8D3ABBE4-25EC-4421-AA3B-69AC60A22776}.Release|Any CPU.Build.0 = Release|Any CPU
	EndGlobalSection
	GlobalSection(SolutionProperties) = preSolution
		HideSolutionNode = FALSE
	EndGlobalSection
	GlobalSection(ExtensibilityGlobals) = postSolution
		SolutionGuid = {B94B59EF-2DF5-4EF1-8CBB-FD5B096C9561}
	EndGlobalSection
EndGlobal
